
Microsoft Visual Studio Solution File, Format Version 12.00
# Visual Studio Version 17
VisualStudioVersion = 17.11.35327.3
MinimumVisualStudioVersion = 10.0.40219.1
Project("{9A19103F-16F7-4668-BE54-9A1E7A4F7556}") = "IntelOrca.Biohazard.BioRand.Common", "src\IntelOrca.Biohazard.BioRand.Common\IntelOrca.Biohazard.BioRand.Common.csproj", "{720BEE6B-7577-402F-8F36-44B844570741}"
EndProject
Global
	GlobalSection(SolutionConfigurationPlatforms) = preSolution
		Debug|Any CPU = Debug|Any CPU
		Release|Any CPU = Release|Any CPU
	EndGlobalSection
	GlobalSection(ProjectConfigurationPlatforms) = postSolution
		{720BEE6B-7577-402F-8F36-44B844570741}.Debug|Any CPU.ActiveCfg = Debug|Any CPU
		{720BEE6B-7577-402F-8F36-44B844570741}.Debug|Any CPU.Build.0 = Debug|Any CPU
		{720BEE6B-7577-402F-8F36-44B844570741}.Release|Any CPU.ActiveCfg = Release|Any CPU
		{720BEE6B-7577-402F-8F36-44B844570741}.Release|Any CPU.Build.0 = Release|Any CPU
	EndGlobalSection
	GlobalSection(SolutionProperties) = preSolution
		HideSolutionNode = FALSE
	EndGlobalSection
	GlobalSection(ExtensibilityGlobals) = postSolution
		SolutionGuid = {8CA6A4D4-711C-4BD7-AB8C-2D6544F567F3}
	EndGlobalSection
EndGlobal
